
Microsoft Visual Studio Solution File, Format Version 12.00
# Visual Studio 2012
Project("{FAE04EC0-301F-11D3-BF4B-00C04F79EFBC}") = "Quote", "Quote\Quote.csproj", "{B487CCB6-D3D6-4872-B5E2-06CD3E16722F}"
EndProject
Project("{FAE04EC0-301F-11D3-BF4B-00C04F79EFBC}") = "QuoteTest", "QuoteTest\QuoteTest.csproj", "{D5C8D7A6-B8FA-45C6-9CAD-E646CA4CC353}"
EndProject
Global
	GlobalSection(SolutionConfigurationPlatforms) = preSolution
		Debug|Any CPU = Debug|Any CPU
		Release|Any CPU = Release|Any CPU
	EndGlobalSection
	GlobalSection(ProjectConfigurationPlatforms) = postSolution
		{B487CCB6-D3D6-4872-B5E2-06CD3E16722F}.Debug|Any CPU.ActiveCfg = Debug|Any CPU
		{B487CCB6-D3D6-4872-B5E2-06CD3E16722F}.Debug|Any CPU.Build.0 = Debug|Any CPU
		{B487CCB6-D3D6-4872-B5E2-06CD3E16722F}.Release|Any CPU.ActiveCfg = Release|Any CPU
		{B487CCB6-D3D6-4872-B5E2-06CD3E16722F}.Release|Any CPU.Build.0 = Release|Any CPU
		{D5C8D7A6-B8FA-45C6-9CAD-E646CA4CC353}.Debug|Any CPU.ActiveCfg = Debug|Any CPU
		{D5C8D7A6-B8FA-45C6-9CAD-E646CA4CC353}.Debug|Any CPU.Build.0 = Debug|Any CPU
		{D5C8D7A6-B8FA-45C6-9CAD-E646CA4CC353}.Release|Any CPU.ActiveCfg = Release|Any CPU
		{D5C8D7A6-B8FA-45C6-9CAD-E646CA4CC353}.Release|Any CPU.Build.0 = Release|Any CPU
	EndGlobalSection
	GlobalSection(SolutionProperties) = preSolution
		HideSolutionNode = FALSE
	EndGlobalSection
EndGlobal
